
Microsoft Visual Studio Solution File, Format Version 12.00
# Visual Studio Version 17
VisualStudioVersion = 17.0.31903.59
MinimumVisualStudioVersion = 10.0.40219.1
Project("{2150E333-8FDC-42A3-9474-1A3956D46DE8}") = "src", "src", "{827E0CD3-B72D-47B6-A68D-7590B98EB39B}"
EndProject
Project("{2150E333-8FDC-42A3-9474-1A3956D46DE8}") = "Backend", "Backend", "{FE360695-3F2B-1049-3887-35FBB5135923}"
EndProject
Project("{FAE04EC0-301F-11D3-BF4B-00C04F79EFBC}") = "ARABAZON.TradeAI.API", "src\Backend\ARABAZON.TradeAI.API\ARABAZON.TradeAI.API.csproj", "{C4A2B379-2908-4AF9-8ED0-8E3376AFF93C}"
EndProject
Project("{FAE04EC0-301F-11D3-BF4B-00C04F79EFBC}") = "ARABAZON.TradeAI.Application", "src\Backend\ARABAZON.TradeAI.Application\ARABAZON.TradeAI.Application.csproj", "{0796D472-88A9-4228-BAC5-D5E8AA6CBD64}"
EndProject
Project("{FAE04EC0-301F-11D3-BF4B-00C04F79EFBC}") = "ARABAZON.TradeAI.Domain", "src\Backend\ARABAZON.TradeAI.Domain\ARABAZON.TradeAI.Domain.csproj", "{5A31BD1A-1CD6-4C60-BCBA-209C0F4846AF}"
EndProject
Project("{FAE04EC0-301F-11D3-BF4B-00C04F79EFBC}") = "ARABAZON.TradeAI.Infrastructure", "src\Backend\ARABAZON.TradeAI.Infrastructure\ARABAZON.TradeAI.Infrastructure.csproj", "{505789A9-85BC-4480-9791-D20FC2672E8A}"
EndProject
Project("{FAE04EC0-301F-11D3-BF4B-00C04F79EFBC}") = "ARABAZON.TradeAI.Persistence", "src\Backend\ARABAZON.TradeAI.Persistence\ARABAZON.TradeAI.Persistence.csproj", "{FD7D90C3-EE36-4079-A7AC-291B4B19A622}"
EndProject
Project("{FAE04EC0-301F-11D3-BF4B-00C04F79EFBC}") = "ARABAZON.TradeAI.Shared", "src\Backend\ARABAZON.TradeAI.Shared\ARABAZON.TradeAI.Shared.csproj", "{FD92A38F-A757-46E5-B01E-738C91CD8B66}"
EndProject
Project("{FAE04EC0-301F-11D3-BF4B-00C04F79EFBC}") = "ARABAZON.TradeAI.Contracts", "src\Backend\ARABAZON.TradeAI.Contracts\ARABAZON.TradeAI.Contracts.csproj", "{EFB9E142-EAC7-4DB5-8543-50CEC41E17A6}"
EndProject
Project("{FAE04EC0-301F-11D3-BF4B-00C04F79EFBC}") = "ARABAZON.TradeAI.Workers", "src\Backend\ARABAZON.TradeAI.Workers\ARABAZON.TradeAI.Workers.csproj", "{3D37427C-20CB-4985-972A-630CB667A801}"
EndProject
Global
	GlobalSection(SolutionConfigurationPlatforms) = preSolution
		Debug|Any CPU = Debug|Any CPU
		Debug|x64 = Debug|x64
		Debug|x86 = Debug|x86
		Release|Any CPU = Release|Any CPU
		Release|x64 = Release|x64
		Release|x86 = Release|x86
	EndGlobalSection
	GlobalSection(ProjectConfigurationPlatforms) = postSolution
		{C4A2B379-2908-4AF9-8ED0-8E3376AFF93C}.Debug|Any CPU.ActiveCfg = Debug|Any CPU
		{C4A2B379-2908-4AF9-8ED0-8E3376AFF93C}.Debug|Any CPU.Build.0 = Debug|Any CPU
		{C4A2B379-2908-4AF9-8ED0-8E3376AFF93C}.Debug|x64.ActiveCfg = Debug|Any CPU
		{C4A2B379-2908-4AF9-8ED0-8E3376AFF93C}.Debug|x64.Build.0 = Debug|Any CPU
		{C4A2B379-2908-4AF9-8ED0-8E3376AFF93C}.Debug|x86.ActiveCfg = Debug|Any CPU
		{C4A2B379-2908-4AF9-8ED0-8E3376AFF93C}.Debug|x86.Build.0 = Debug|Any CPU
		{C4A2B379-2908-4AF9-8ED0-8E3376AFF93C}.Release|Any CPU.ActiveCfg = Release|Any CPU
		{C4A2B379-2908-4AF9-8ED0-8E3376AFF93C}.Release|Any CPU.Build.0 = Release|Any CPU
		{C4A2B379-2908-4AF9-8ED0-8E3376AFF93C}.Release|x64.ActiveCfg = Release|Any CPU
		{C4A2B379-2908-4AF9-8ED0-8E3376AFF93C}.Release|x64.Build.0 = Release|Any CPU
		{C4A2B379-2908-4AF9-8ED0-8E3376AFF93C}.Release|x86.ActiveCfg = Release|Any CPU
		{C4A2B379-2908-4AF9-8ED0-8E3376AFF93C}.Release|x86.Build.0 = Release|Any CPU
		{0796D472-88A9-4228-BAC5-D5E8AA6CBD64}.Debug|Any CPU.ActiveCfg = Debug|Any CPU
		{0796D472-88A9-4228-BAC5-D5E8AA6CBD64}.Debug|Any CPU.Build.0 = Debug|Any CPU
		{0796D472-88A9-4228-BAC5-D5E8AA6CBD64}.Debug|x64.ActiveCfg = Debug|Any CPU
		{0796D472-88A9-4228-BAC5-D5E8AA6CBD64}.Debug|x64.Build.0 = Debug|Any CPU
		{0796D472-88A9-4228-BAC5-D5E8AA6CBD64}.Debug|x86.ActiveCfg = Debug|Any CPU
		{0796D472-88A9-4228-BAC5-D5E8AA6CBD64}.Debug|x86.Build.0 = Debug|Any CPU
		{0796D472-88A9-4228-BAC5-D5E8AA6CBD64}.Release|Any CPU.ActiveCfg = Release|Any CPU
		{0796D472-88A9-4228-BAC5-D5E8AA6CBD64}.Release|Any CPU.Build.0 = Release|Any CPU
		{0796D472-88A9-4228-BAC5-D5E8AA6CBD64}.Release|x64.ActiveCfg = Release|Any CPU
		{0796D472-88A9-4228-BAC5-D5E8AA6CBD64}.Release|x64.Build.0 = Release|Any CPU
		{0796D472-88A9-4228-BAC5-D5E8AA6CBD64}.Release|x86.ActiveCfg = Release|Any CPU
		{0796D472-88A9-4228-BAC5-D5E8AA6CBD64}.Release|x86.Build.0 = Release|Any CPU
		{5A31BD1A-1CD6-4C60-BCBA-209C0F4846AF}.Debug|Any CPU.ActiveCfg = Debug|Any CPU
		{5A31BD1A-1CD6-4C60-BCBA-209C0F4846AF}.Debug|Any CPU.Build.0 = Debug|Any CPU
		{5A31BD1A-1CD6-4C60-BCBA-209C0F4846AF}.Debug|x64.ActiveCfg = Debug|Any CPU
		{5A31BD1A-1CD6-4C60-BCBA-209C0F4846AF}.Debug|x64.Build.0 = Debug|Any CPU
		{5A31BD1A-1CD6-4C60-BCBA-209C0F4846AF}.Debug|x86.ActiveCfg = Debug|Any CPU
		{5A31BD1A-1CD6-4C60-BCBA-209C0F4846AF}.Debug|x86.Build.0 = Debug|Any CPU
		{5A31BD1A-1CD6-4C60-BCBA-209C0F4846AF}.Release|Any CPU.ActiveCfg = Release|Any CPU
		{5A31BD1A-1CD6-4C60-BCBA-209C0F4846AF}.Release|Any CPU.Build.0 = Release|Any CPU
		{5A31BD1A-1CD6-4C60-BCBA-209C0F4846AF}.Release|x64.ActiveCfg = Release|Any CPU
		{5A31BD1A-1CD6-4C60-BCBA-209C0F4846AF}.Release|x64.Build.0 = Release|Any CPU
		{5A31BD1A-1CD6-4C60-BCBA-209C0F4846AF}.Release|x86.ActiveCfg = Release|Any CPU
		{5A31BD1A-1CD6-4C60-BCBA-209C0F4846AF}.Release|x86.Build.0 = Release|Any CPU
		{505789A9-85BC-4480-9791-D20FC2672E8A}.Debug|Any CPU.ActiveCfg = Debug|Any CPU
		{505789A9-85BC-4480-9791-D20FC2672E8A}.Debug|Any CPU.Build.0 = Debug|Any CPU
		{505789A9-85BC-4480-9791-D20FC2672E8A}.Debug|x64.ActiveCfg = Debug|Any CPU
		{505789A9-85BC-4480-9791-D20FC2672E8A}.Debug|x64.Build.0 = Debug|Any CPU
		{505789A9-85BC-4480-9791-D20FC2672E8A}.Debug|x86.ActiveCfg = Debug|Any CPU
		{505789A9-85BC-4480-9791-D20FC2672E8A}.Debug|x86.Build.0 = Debug|Any CPU
		{505789A9-85BC-4480-9791-D20FC2672E8A}.Release|Any CPU.ActiveCfg = Release|Any CPU
		{505789A9-85BC-4480-9791-D20FC2672E8A}.Release|Any CPU.Build.0 = Release|Any CPU
		{505789A9-85BC-4480-9791-D20FC2672E8A}.Release|x64.ActiveCfg = Release|Any CPU
		{505789A9-85BC-4480-9791-D20FC2672E8A}.Release|x64.Build.0 = Release|Any CPU
		{505789A9-85BC-4480-9791-D20FC2672E8A}.Release|x86.ActiveCfg = Release|Any CPU
		{505789A9-85BC-4480-9791-D20FC2672E8A}.Release|x86.Build.0 = Release|Any CPU
		{FD7D90C3-EE36-4079-A7AC-291B4B19A622}.Debug|Any CPU.ActiveCfg = Debug|Any CPU
		{FD7D90C3-EE36-4079-A7AC-291B4B19A622}.Debug|Any CPU.Build.0 = Debug|Any CPU
		{FD7D90C3-EE36-4079-A7AC-291B4B19A622}.Debug|x64.ActiveCfg = Debug|Any CPU
		{FD7D90C3-EE36-4079-A7AC-291B4B19A622}.Debug|x64.Build.0 = Debug|Any CPU
		{FD7D90C3-EE36-4079-A7AC-291B4B19A622}.Debug|x86.ActiveCfg = Debug|Any CPU
		{FD7D90C3-EE36-4079-A7AC-291B4B19A622}.Debug|x86.Build.0 = Debug|Any CPU
		{FD7D90C3-EE36-4079-A7AC-291B4B19A622}.Release|Any CPU.ActiveCfg = Release|Any CPU
		{FD7D90C3-EE36-4079-A7AC-291B4B19A622}.Release|Any CPU.Build.0 = Release|Any CPU
		{FD7D90C3-EE36-4079-A7AC-291B4B19A622}.Release|x64.ActiveCfg = Release|Any CPU
		{FD7D90C3-EE36-4079-A7AC-291B4B19A622}.Release|x64.Build.0 = Release|Any CPU
		{FD7D90C3-EE36-4079-A7AC-291B4B19A622}.Release|x86.ActiveCfg = Release|Any CPU
		{FD7D90C3-EE36-4079-A7AC-291B4B19A622}.Release|x86.Build.0 = Release|Any CPU
		{FD92A38F-A757-46E5-B01E-738C91CD8B66}.Debug|Any CPU.ActiveCfg = Debug|Any CPU
		{FD92A38F-A757-46E5-B01E-738C91CD8B66}.Debug|Any CPU.Build.0 = Debug|Any CPU
		{FD92A38F-A757-46E5-B01E-738C91CD8B66}.Debug|x64.ActiveCfg = Debug|Any CPU
		{FD92A38F-A757-46E5-B01E-738C91CD8B66}.Debug|x64.Build.0 = Debug|Any CPU
		{FD92A38F-A757-46E5-B01E-738C91CD8B66}.Debug|x86.ActiveCfg = Debug|Any CPU
		{FD92A38F-A757-46E5-B01E-738C91CD8B66}.Debug|x86.Build.0 = Debug|Any CPU
		{FD92A38F-A757-46E5-B01E-738C91CD8B66}.Release|Any CPU.ActiveCfg = Release|Any CPU
		{FD92A38F-A757-46E5-B01E-738C91CD8B66}.Release|Any CPU.Build.0 = Release|Any CPU
		{FD92A38F-A757-46E5-B01E-738C91CD8B66}.Release|x64.ActiveCfg = Release|Any CPU
		{FD92A38F-A757-46E5-B01E-738C91CD8B66}.Release|x64.Build.0 = Release|Any CPU
		{FD92A38F-A757-46E5-B01E-738C91CD8B66}.Release|x86.ActiveCfg = Release|Any CPU
		{FD92A38F-A757-46E5-B01E-738C91CD8B66}.Release|x86.Build.0 = Release|Any CPU
		{EFB9E142-EAC7-4DB5-8543-50CEC41E17A6}.Debug|Any CPU.ActiveCfg = Debug|Any CPU
		{EFB9E142-EAC7-4DB5-8543-50CEC41E17A6}.Debug|Any CPU.Build.0 = Debug|Any CPU
		{EFB9E142-EAC7-4DB5-8543-50CEC41E17A6}.Debug|x64.ActiveCfg = Debug|Any CPU
		{EFB9E142-EAC7-4DB5-8543-50CEC41E17A6}.Debug|x64.Build.0 = Debug|Any CPU
		{EFB9E142-EAC7-4DB5-8543-50CEC41E17A6}.Debug|x86.ActiveCfg = Debug|Any CPU
		{EFB9E142-EAC7-4DB5-8543-50CEC41E17A6}.Debug|x86.Build.0 = Debug|Any CPU
		{EFB9E142-EAC7-4DB5-8543-50CEC41E17A6}.Release|Any CPU.ActiveCfg = Release|Any CPU
		{EFB9E142-EAC7-4DB5-8543-50CEC41E17A6}.Release|Any CPU.Build.0 = Release|Any CPU
		{EFB9E142-EAC7-4DB5-8543-50CEC41E17A6}.Release|x64.ActiveCfg = Release|Any CPU
		{EFB9E142-EAC7-4DB5-8543-50CEC41E17A6}.Release|x64.Build.0 = Release|Any CPU
		{EFB9E142-EAC7-4DB5-8543-50CEC41E17A6}.Release|x86.ActiveCfg = Release|Any CPU
		{EFB9E142-EAC7-4DB5-8543-50CEC41E17A6}.Release|x86.Build.0 = Release|Any CPU
		{3D37427C-20CB-4985-972A-630CB667A801}.Debug|Any CPU.ActiveCfg = Debug|Any CPU
		{3D37427C-20CB-4985-972A-630CB667A801}.Debug|Any CPU.Build.0 = Debug|Any CPU
		{3D37427C-20CB-4985-972A-630CB667A801}.Debug|x64.ActiveCfg = Debug|Any CPU
		{3D37427C-20CB-4985-972A-630CB667A801}.Debug|x64.Build.0 = Debug|Any CPU
		{3D37427C-20CB-4985-972A-630CB667A801}.Debug|x86.ActiveCfg = Debug|Any CPU
		{3D37427C-20CB-4985-972A-630CB667A801}.Debug|x86.Build.0 = Debug|Any CPU
		{3D37427C-20CB-4985-972A-630CB667A801}.Release|Any CPU.ActiveCfg = Release|Any CPU
		{3D37427C-20CB-4985-972A-630CB667A801}.Release|Any CPU.Build.0 = Release|Any CPU
		{3D37427C-20CB-4985-972A-630CB667A801}.Release|x64.ActiveCfg = Release|Any CPU
		{3D37427C-20CB-4985-972A-630CB667A801}.Release|x64.Build.0 = Release|Any CPU
		{3D37427C-20CB-4985-972A-630CB667A801}.Release|x86.ActiveCfg = Release|Any CPU
		{3D37427C-20CB-4985-972A-630CB667A801}.Release|x86.Build.0 = Release|Any CPU
	EndGlobalSection
	GlobalSection(SolutionProperties) = preSolution
		HideSolutionNode = FALSE
	EndGlobalSection
	GlobalSection(NestedProjects) = preSolution
		{FE360695-3F2B-1049-3887-35FBB5135923} = {827E0CD3-B72D-47B6-A68D-7590B98EB39B}
		{C4A2B379-2908-4AF9-8ED0-8E3376AFF93C} = {FE360695-3F2B-1049-3887-35FBB5135923}
		{0796D472-88A9-4228-BAC5-D5E8AA6CBD64} = {FE360695-3F2B-1049-3887-35FBB5135923}
		{5A31BD1A-1CD6-4C60-BCBA-209C0F4846AF} = {FE360695-3F2B-1049-3887-35FBB5135923}
		{505789A9-85BC-4480-9791-D20FC2672E8A} = {FE360695-3F2B-1049-3887-35FBB5135923}
		{FD7D90C3-EE36-4079-A7AC-291B4B19A622} = {FE360695-3F2B-1049-3887-35FBB5135923}
		{FD92A38F-A757-46E5-B01E-738C91CD8B66} = {FE360695-3F2B-1049-3887-35FBB5135923}
		{EFB9E142-EAC7-4DB5-8543-50CEC41E17A6} = {FE360695-3F2B-1049-3887-35FBB5135923}
		{3D37427C-20CB-4985-972A-630CB667A801} = {FE360695-3F2B-1049-3887-35FBB5135923}
	EndGlobalSection
	GlobalSection(ExtensibilityGlobals) = postSolution
		SolutionGuid = {8D68AA04-0CD9-4837-B7C1-E16C60986837}
	EndGlobalSection
EndGlobal
